<?xml version="1.0" encoding="utf-8"?>
<Project ToolsVersion="4.0" xmlns="http://schemas.microsoft.com/developer/msbuild/2003">
  <ItemGroup>
    <Filter Include="Assets">
      <UniqueIdentifier>{aa2dff80-cc46-4aaa-9c9e-7784c2a0cdf0}</UniqueIdentifier>
    </Filter>
    <Filter Include="Assets\modelData">
      <UniqueIdentifier>{a27dfd5d-af93-4623-b084-aad00b7739c4}</UniqueIdentifier>
    </Filter>
    <Filter Include="Assets\sprite">
      <UniqueIdentifier>{9048e869-ba2f-4152-aee2-2870ea67b8c4}</UniqueIdentifier>
    </Filter>
    <Filter Include="weapon">
      <UniqueIdentifier>{087f6ddc-67bf-4a8a-9335-539799ea2bed}</UniqueIdentifier>
    </Filter>
    <Filter Include="enemy">
      <UniqueIdentifier>{1b94578b-cba1-41a9-8129-35216d908cc3}</UniqueIdentifier>
    </Filter>
    <Filter Include="item">
      <UniqueIdentifier>{2fcfea28-1c13-4c70-81aa-18224309f8f0}</UniqueIdentifier>
    </Filter>
    <Filter Include="myEngine">
      <UniqueIdentifier>{8ccf8e23-d3cb-4116-88fd-ec3287f86dd9}</UniqueIdentifier>
    </Filter>
    <Filter Include="myEngine\character">
      <UniqueIdentifier>{c57b7107-f9f3-4b72-8f3e-8644593ed533}</UniqueIdentifier>
    </Filter>
    <Filter Include="myEngine\graphics">
      <UniqueIdentifier>{b7a9a0ab-a792-43fe-a5a7-760b8c976aca}</UniqueIdentifier>
    </Filter>
    <Filter Include="myEngine\graphics\animation">
      <UniqueIdentifier>{d83ac002-5cd8-4ff4-977a-e7b5ebce5263}</UniqueIdentifier>
    </Filter>
    <Filter Include="myEngine\HID">
      <UniqueIdentifier>{bbdeed04-d9d3-4ff9-bb44-9d888be6899a}</UniqueIdentifier>
    </Filter>
    <Filter Include="myEngine\level">
      <UniqueIdentifier>{73eacaf4-a5db-4539-ab55-83b9c5d4807c}</UniqueIdentifier>
    </Filter>
    <Filter Include="myEngine\math">
      <UniqueIdentifier>{39e7f303-3dac-4bde-bedf-33a5497f262e}</UniqueIdentifier>
    </Filter>
    <Filter Include="myEngine\goMgr">
      <UniqueIdentifier>{791975b5-0ac9-4d9e-90f7-e6b78def83c4}</UniqueIdentifier>
    </Filter>
    <Filter Include="myEngine\sound">
      <UniqueIdentifier>{749b1197-8436-410c-8ebf-53b05d310dc4}</UniqueIdentifier>
    </Filter>
    <Filter Include="myEngine\physics">
      <UniqueIdentifier>{1eed4cab-11aa-4e90-960a-a01360c5a392}</UniqueIdentifier>
    </Filter>
    <Filter Include="myEngine\system">
      <UniqueIdentifier>{48b58c60-bbe2-40d8-9d2f-e81d065b6820}</UniqueIdentifier>
    </Filter>
    <Filter Include="stage">
      <UniqueIdentifier>{0fb1fd75-2ec8-424f-91ba-ead40f196f85}</UniqueIdentifier>
    </Filter>
    <Filter Include="Assets\shader">
      <UniqueIdentifier>{c548f521-e133-4eee-9a2d-147872a102fa}</UniqueIdentifier>
    </Filter>
  </ItemGroup>
  <ItemGroup>
    <ClCompile Include="math\Vector.cpp">
      <Filter>myEngine\math</Filter>
    </ClCompile>
    <ClCompile Include="math\kMath.cpp">
      <Filter>myEngine\math</Filter>
    </ClCompile>
    <ClCompile Include="math\Matrix.cpp">
      <Filter>myEngine\math</Filter>
    </ClCompile>
    <ClCompile Include="graphics\GraphicsEngine.cpp">
      <Filter>myEngine\graphics</Filter>
    </ClCompile>
    <ClCompile Include="graphics\SkinModel.cpp">
      <Filter>myEngine\graphics</Filter>
    </ClCompile>
    <ClCompile Include="graphics\SkinModelDataManager.cpp">
      <Filter>myEngine\graphics</Filter>
    </ClCompile>
    <ClCompile Include="graphics\Skeleton.cpp">
      <Filter>myEngine\graphics</Filter>
    </ClCompile>
    <ClCompile Include="graphics\SkinModelEffect.cpp">
      <Filter>myEngine\graphics</Filter>
    </ClCompile>
    <ClCompile Include="graphics\Shader.cpp">
      <Filter>myEngine\graphics</Filter>
    </ClCompile>
    <ClCompile Include="graphics\ShaderResources.cpp">
      <Filter>myEngine\graphics</Filter>
    </ClCompile>
    <ClCompile Include="graphics\animation\Animation.cpp">
      <Filter>myEngine\graphics\animation</Filter>
    </ClCompile>
    <ClCompile Include="graphics\animation\AnimationClip.cpp">
      <Filter>myEngine\graphics\animation</Filter>
    </ClCompile>
    <ClCompile Include="graphics\animation\AnimationPlayController.cpp">
      <Filter>myEngine\graphics\animation</Filter>
    </ClCompile>
    <ClCompile Include="HID\Pad.cpp">
      <Filter>myEngine\HID</Filter>
    </ClCompile>
    <ClCompile Include="system\system.cpp">
      <Filter>myEngine\system</Filter>
    </ClCompile>
    <ClCompile Include="graphics\Camera.cpp">
      <Filter>myEngine\graphics</Filter>
    </ClCompile>
    <ClCompile Include="character\CharacterController.cpp">
      <Filter>myEngine\character</Filter>
    </ClCompile>
    <ClCompile Include="level\Level.cpp">
      <Filter>myEngine\level</Filter>
    </ClCompile>
    <ClCompile Include="level\MapChip.cpp">
      <Filter>myEngine\level</Filter>
    </ClCompile>
    <ClCompile Include="Player.cpp" />
    <ClCompile Include="main.cpp" />
    <ClCompile Include="stdafx.cpp" />
    <ClCompile Include="Game.cpp" />
    <ClCompile Include="GameCamera.cpp" />
    <ClCompile Include="Title.cpp" />
    <ClCompile Include="physics\Physics.cpp">
      <Filter>myEngine\physics</Filter>
    </ClCompile>
    <ClCompile Include="physics\MeshCollider.cpp">
      <Filter>myEngine\physics</Filter>
    </ClCompile>
    <ClCompile Include="PhysicsGhostObject.cpp">
      <Filter>myEngine\physics</Filter>
    </ClCompile>
    <ClCompile Include="physics\PhysicsStaticObject.cpp">
      <Filter>myEngine\physics</Filter>
    </ClCompile>
    <ClCompile Include="physics\RigidBody.cpp">
      <Filter>myEngine\physics</Filter>
    </ClCompile>
    <ClCompile Include="physics\BoxCollider.cpp">
      <Filter>myEngine\physics</Filter>
    </ClCompile>
    <ClCompile Include="physics\CapsuleCollider.cpp">
      <Filter>myEngine\physics</Filter>
    </ClCompile>
    <ClCompile Include="GunGenerator.cpp">
      <Filter>weapon</Filter>
    </ClCompile>
    <ClCompile Include="IGunObject.cpp">
      <Filter>weapon</Filter>
    </ClCompile>
    <ClCompile Include="Rifle.cpp">
      <Filter>weapon</Filter>
    </ClCompile>
    <ClCompile Include="Shotgun.cpp">
      <Filter>weapon</Filter>
    </ClCompile>
    <ClCompile Include="Sniper.cpp">
      <Filter>weapon</Filter>
    </ClCompile>
    <ClCompile Include="DogEnemy.cpp">
      <Filter>enemy</Filter>
    </ClCompile>
    <ClCompile Include="Enemy.cpp">
      <Filter>enemy</Filter>
    </ClCompile>
    <ClCompile Include="IEnemyObject.cpp">
      <Filter>enemy</Filter>
    </ClCompile>
    <ClCompile Include="Bullet.cpp">
      <Filter>weapon</Filter>
    </ClCompile>
    <ClCompile Include="RenderTarget.cpp">
      <Filter>myEngine\graphics</Filter>
    </ClCompile>
    <ClCompile Include="Sprite.cpp">
      <Filter>myEngine\graphics</Filter>
    </ClCompile>
    <ClCompile Include="FontRender.cpp">
      <Filter>myEngine\graphics</Filter>
    </ClCompile>
    <ClCompile Include="ItemGenerator.cpp">
      <Filter>item</Filter>
    </ClCompile>
    <ClCompile Include="physics\SphereCollider.cpp">
      <Filter>myEngine\physics</Filter>
    </ClCompile>
    <ClCompile Include="sound\WaveFileBank.cpp">
      <Filter>myEngine\sound</Filter>
    </ClCompile>
    <ClCompile Include="sound\WaveFile.cpp">
      <Filter>myEngine\sound</Filter>
    </ClCompile>
    <ClCompile Include="sound\SoundSource.cpp">
      <Filter>myEngine\sound</Filter>
    </ClCompile>
    <ClCompile Include="sound\SoundEngine.cpp">
      <Filter>myEngine\sound</Filter>
    </ClCompile>
    <ClCompile Include="GameManager.cpp">
      <Filter>myEngine\goMgr</Filter>
    </ClCompile>
    <ClCompile Include="IGameObject.cpp">
      <Filter>myEngine\goMgr</Filter>
    </ClCompile>
    <ClCompile Include="ShadowMap.cpp">
      <Filter>myEngine\graphics</Filter>
    </ClCompile>
    <ClCompile Include="ItemObject.cpp">
      <Filter>item</Filter>
    </ClCompile>
    <ClCompile Include="Danyaku.cpp">
      <Filter>item</Filter>
    </ClCompile>
    <ClCompile Include="Kaihuku.cpp">
      <Filter>item</Filter>
    </ClCompile>
    <ClCompile Include="BackGround.cpp">
      <Filter>stage</Filter>
    </ClCompile>
    <ClCompile Include="PointLightObject.cpp">
      <Filter>stage</Filter>
    </ClCompile>
    <ClCompile Include="IItemObject.cpp">
      <Filter>item</Filter>
    </ClCompile>
  </ItemGroup>
  <ItemGroup>
    <ClInclude Include="math\Vector.h">
      <Filter>myEngine\math</Filter>
    </ClInclude>
    <ClInclude Include="math\kMath.h">
      <Filter>myEngine\math</Filter>
    </ClInclude>
    <ClInclude Include="math\Matrix.h">
      <Filter>myEngine\math</Filter>
    </ClInclude>
    <ClInclude Include="graphics\GraphicsEngine.h">
      <Filter>myEngine\graphics</Filter>
    </ClInclude>
    <ClInclude Include="graphics\SkinModel.h">
      <Filter>myEngine\graphics</Filter>
    </ClInclude>
    <ClInclude Include="graphics\SkinModelDataManager.h">
      <Filter>myEngine\graphics</Filter>
    </ClInclude>
    <ClInclude Include="graphics\Skeleton.h">
      <Filter>myEngine\graphics</Filter>
    </ClInclude>
    <ClInclude Include="graphics\SkinModelEffect.h">
      <Filter>myEngine\graphics</Filter>
    </ClInclude>
    <ClInclude Include="graphics\Shader.h">
      <Filter>myEngine\graphics</Filter>
    </ClInclude>
    <ClInclude Include="graphics\SkinModelShaderConst.h">
      <Filter>myEngine\graphics</Filter>
    </ClInclude>
    <ClInclude Include="graphics\ShaderResources.h">
      <Filter>myEngine\graphics</Filter>
    </ClInclude>
    <ClInclude Include="graphics\animation\Animation.h">
      <Filter>myEngine\graphics\animation</Filter>
    </ClInclude>
    <ClInclude Include="graphics\animation\AnimationClip.h">
      <Filter>myEngine\graphics\animation</Filter>
    </ClInclude>
    <ClInclude Include="graphics\animation\AnimationPlayController.h">
      <Filter>myEngine\graphics\animation</Filter>
    </ClInclude>
    <ClInclude Include="HID\Pad.h">
      <Filter>myEngine\HID</Filter>
    </ClInclude>
    <ClInclude Include="system\system.h">
      <Filter>myEngine\system</Filter>
    </ClInclude>
    <ClInclude Include="graphics\Camera.h">
      <Filter>myEngine\graphics</Filter>
    </ClInclude>
    <ClInclude Include="character\CharacterController.h">
      <Filter>myEngine\character</Filter>
    </ClInclude>
    <ClInclude Include="level\Level.h">
      <Filter>myEngine\level</Filter>
    </ClInclude>
    <ClInclude Include="level\MapChip.h">
      <Filter>myEngine\level</Filter>
    </ClInclude>
    <ClInclude Include="Player.h" />
    <ClInclude Include="stdafx.h" />
    <ClInclude Include="Game.h" />
    <ClInclude Include="GameCamera.h" />
    <ClInclude Include="Title.h" />
    <ClInclude Include="physics\Physics.h">
      <Filter>myEngine\physics</Filter>
    </ClInclude>
    <ClInclude Include="physics\MeshCollider.h">
      <Filter>myEngine\physics</Filter>
    </ClInclude>
    <ClInclude Include="PhysicsGhostObject.h">
      <Filter>myEngine\physics</Filter>
    </ClInclude>
    <ClInclude Include="physics\PhysicsStaticObject.h">
      <Filter>myEngine\physics</Filter>
    </ClInclude>
    <ClInclude Include="physics\RigidBody.h">
      <Filter>myEngine\physics</Filter>
    </ClInclude>
    <ClInclude Include="physics\BoxCollider.h">
      <Filter>myEngine\physics</Filter>
    </ClInclude>
    <ClInclude Include="physics\CapsuleCollider.h">
      <Filter>myEngine\physics</Filter>
    </ClInclude>
    <ClInclude Include="physics\CollisionAttr.h">
      <Filter>myEngine\physics</Filter>
    </ClInclude>
    <ClInclude Include="physics\ICollider.h">
      <Filter>myEngine\physics</Filter>
    </ClInclude>
    <ClInclude Include="GunGenerator.h">
      <Filter>weapon</Filter>
    </ClInclude>
    <ClInclude Include="IGunObject.h">
      <Filter>weapon</Filter>
    </ClInclude>
    <ClInclude Include="Rifle.h">
      <Filter>weapon</Filter>
    </ClInclude>
    <ClInclude Include="Shotgun.h">
      <Filter>weapon</Filter>
    </ClInclude>
    <ClInclude Include="Sniper.h">
      <Filter>weapon</Filter>
    </ClInclude>
    <ClInclude Include="DogEnemy.h">
      <Filter>enemy</Filter>
    </ClInclude>
    <ClInclude Include="Enemy.h">
      <Filter>enemy</Filter>
    </ClInclude>
    <ClInclude Include="IEnemyObject.h">
      <Filter>enemy</Filter>
    </ClInclude>
    <ClInclude Include="Bullet.h">
      <Filter>weapon</Filter>
    </ClInclude>
    <ClInclude Include="RenderTarget.h">
      <Filter>myEngine\graphics</Filter>
    </ClInclude>
    <ClInclude Include="Sprite.h">
      <Filter>myEngine\graphics</Filter>
    </ClInclude>
    <ClInclude Include="FontRender.h">
      <Filter>myEngine\graphics</Filter>
    </ClInclude>
    <ClInclude Include="ItemGenerator.h">
      <Filter>item</Filter>
    </ClInclude>
    <ClInclude Include="physics\SphereCollider.h">
      <Filter>myEngine\physics</Filter>
    </ClInclude>
    <ClInclude Include="sound\WaveFileBank.h">
      <Filter>myEngine\sound</Filter>
    </ClInclude>
    <ClInclude Include="sound\WaveFile.h">
      <Filter>myEngine\sound</Filter>
    </ClInclude>
    <ClInclude Include="sound\SoundSource.h">
      <Filter>myEngine\sound</Filter>
    </ClInclude>
    <ClInclude Include="sound\SoundEngine.h">
      <Filter>myEngine\sound</Filter>
    </ClInclude>
    <ClInclude Include="GameManager.h">
      <Filter>myEngine\goMgr</Filter>
    </ClInclude>
    <ClInclude Include="IGameObject.h">
      <Filter>myEngine\goMgr</Filter>
    </ClInclude>
    <ClInclude Include="ShadowMap.h">
      <Filter>myEngine\graphics</Filter>
    </ClInclude>
    <ClInclude Include="ItemObject.h">
      <Filter>item</Filter>
    </ClInclude>
    <ClInclude Include="Danyaku.h">
      <Filter>item</Filter>
    </ClInclude>
    <ClInclude Include="Kaihuku.h">
      <Filter>item</Filter>
    </ClInclude>
    <ClInclude Include="BackGround.h">
      <Filter>stage</Filter>
    </ClInclude>
    <ClInclude Include="PointLightObject.h">
      <Filter>stage</Filter>
    </ClInclude>
    <ClInclude Include="IItemObject.h">
      <Filter>item</Filter>
    </ClInclude>
  </ItemGroup>
  <ItemGroup>
    <MeshContentTask Include="Assets\modelData\bullet_test.fbx">
      <Filter>Assets\modelData</Filter>
    </MeshContentTask>
    <MeshContentTask Include="Assets\modelData\enemy.fbx">
      <Filter>Assets\modelData</Filter>
    </MeshContentTask>
    <MeshContentTask Include="Assets\modelData\item01.fbx">
      <Filter>Assets\modelData</Filter>
    </MeshContentTask>
    <MeshContentTask Include="Assets\modelData\shotgun_bullet.fbx">
      <Filter>Assets\modelData</Filter>
    </MeshContentTask>
    <MeshContentTask Include="Assets\modelData\sniper_bullet.fbx">
      <Filter>Assets\modelData</Filter>
    </MeshContentTask>
    <MeshContentTask Include="Assets\modelData\player.fbx">
      <Filter>Assets\modelData</Filter>
    </MeshContentTask>
    <MeshContentTask Include="Assets\modelData\dogEnemy.fbx">
      <Filter>Assets\modelData</Filter>
    </MeshContentTask>
    <MeshContentTask Include="Assets\modelData\Arifle.fbx">
      <Filter>Assets\modelData</Filter>
    </MeshContentTask>
    <MeshContentTask Include="Assets\modelData\stage.fbx">
      <Filter>Assets\modelData</Filter>
    </MeshContentTask>
    <MeshContentTask Include="Assets\modelData\sniper_rifle.fbx">
      <Filter>Assets\modelData</Filter>
    </MeshContentTask>
    <MeshContentTask Include="Assets\modelData\pointLightObj.fbx">
      <Filter>Assets\modelData</Filter>
    </MeshContentTask>
    <MeshContentTask Include="Assets\modelData\shotGun.fbx">
      <Filter>Assets\modelData</Filter>
    </MeshContentTask>
    <MeshContentTask Include="Assets\modelData\item_dangan.fbx">
      <Filter>Assets\modelData</Filter>
    </MeshContentTask>
  </ItemGroup>
  <ItemGroup>
    <ImageContentTask Include="Assets\sprite\gameclear.png">
      <Filter>Assets\sprite</Filter>
    </ImageContentTask>
    <ImageContentTask Include="Assets\sprite\aka.png">
      <Filter>Assets\sprite</Filter>
    </ImageContentTask>
    <ImageContentTask Include="Assets\sprite\gameover.png">
      <Filter>Assets\sprite</Filter>
    </ImageContentTask>
    <ImageContentTask Include="Assets\sprite\item.png">
      <Filter>Assets\sprite</Filter>
    </ImageContentTask>
    <ImageContentTask Include="Assets\sprite\kuro.png">
      <Filter>Assets\sprite</Filter>
    </ImageContentTask>
    <ImageContentTask Include="Assets\sprite\oamidori.png">
      <Filter>Assets\sprite</Filter>
    </ImageContentTask>
    <ImageContentTask Include="Assets\sprite\orengi.png">
      <Filter>Assets\sprite</Filter>
    </ImageContentTask>
    <ImageContentTask Include="Assets\sprite\st.png">
      <Filter>Assets\sprite</Filter>
    </ImageContentTask>
    <ImageContentTask Include="Assets\sprite\start.png">
      <Filter>Assets\sprite</Filter>
    </ImageContentTask>
    <ImageContentTask Include="Assets\sprite\zyuzi.png">
      <Filter>Assets\sprite</Filter>
    </ImageContentTask>
    <ImageContentTask Include="Assets\sprite\gage.png">
      <Filter>Assets\sprite</Filter>
    </ImageContentTask>
    <ImageContentTask Include="Assets\sprite\item_danyaku.png">
      <Filter>Assets\sprite</Filter>
    </ImageContentTask>
    <ImageContentTask Include="Assets\sprite\Arifle.png">
      <Filter>Assets\sprite</Filter>
    </ImageContentTask>
    <ImageContentTask Include="Assets\sprite\sniper.png">
      <Filter>Assets\sprite</Filter>
    </ImageContentTask>
    <ImageContentTask Include="Assets\sprite\SR_scope.png">
      <Filter>Assets\sprite</Filter>
    </ImageContentTask>
    <ImageContentTask Include="Assets\modelData\texture\BGTexture\NormalMap\Walls_Normal.png">
      <Filter>Assets\modelData</Filter>
    </ImageContentTask>
    <ImageContentTask Include="Assets\modelData\texture\BGTexture\NormalMap\Plates_Normal.png">
      <Filter>Assets\modelData</Filter>
    </ImageContentTask>
    <ImageContentTask Include="Assets\modelData\texture\BGTexture\specMap\Detail_01_MetallicSmoothness.png">
      <Filter>Assets\modelData</Filter>
    </ImageContentTask>
    <ImageContentTask Include="Assets\modelData\texture\BGTexture\NormalMap\Detail_01_Normal.png">
      <Filter>Assets\modelData</Filter>
    </ImageContentTask>
    <ImageContentTask Include="Assets\modelData\texture\BGTexture\specMap\Detail_03_MetallicSmoothness.png">
      <Filter>Assets\modelData</Filter>
    </ImageContentTask>
    <ImageContentTask Include="Assets\modelData\texture\BGTexture\NormalMap\Detail_03_Normal.png">
      <Filter>Assets\modelData</Filter>
    </ImageContentTask>
    <ImageContentTask Include="Assets\modelData\texture\BGTexture\specMap\Light_MetallicSmoothness.png">
      <Filter>Assets\modelData</Filter>
    </ImageContentTask>
    <ImageContentTask Include="Assets\modelData\texture\BGTexture\NormalMap\Light_Normal.png">
      <Filter>Assets\modelData</Filter>
    </ImageContentTask>
    <ImageContentTask Include="Assets\modelData\texture\BGTexture\specMap\Plates_MetallicSmoothness.png">
      <Filter>Assets\modelData</Filter>
    </ImageContentTask>
    <ImageContentTask Include="Assets\modelData\texture\BGTexture\specMap\Platforms_MetallicSmoothness.png">
      <Filter>Assets\modelData</Filter>
    </ImageContentTask>
    <ImageContentTask Include="Assets\modelData\texture\BGTexture\NormalMap\Platforms_Normal.png">
      <Filter>Assets\modelData</Filter>
    </ImageContentTask>
    <ImageContentTask Include="Assets\modelData\texture\BGTexture\specMap\Walls_02_MetallicSmoothness.png">
      <Filter>Assets\modelData</Filter>
    </ImageContentTask>
    <ImageContentTask Include="Assets\modelData\texture\BGTexture\NormalMap\Walls_02_Normal.png">
      <Filter>Assets\modelData</Filter>
    </ImageContentTask>
    <ImageContentTask Include="Assets\modelData\texture\BGTexture\specMap\Walls_MetallicSmoothness.png">
      <Filter>Assets\modelData</Filter>
    </ImageContentTask>
    <ImageContentTask Include="Assets\sprite\item_kaihuku.png">
      <Filter>Assets\sprite</Filter>
    </ImageContentTask>
    <ImageContentTask Include="Assets\sprite\item2.png">
      <Filter>Assets\sprite</Filter>
    </ImageContentTask>
    <ImageContentTask Include="Assets\modelData\texture\BGTexture\Detail_01_AlbedoTransparency.png">
      <Filter>Assets\modelData</Filter>
    </ImageContentTask>
    <ImageContentTask Include="Assets\modelData\texture\BGTexture\Detail_03_AlbedoTransparency.png">
      <Filter>Assets\modelData</Filter>
    </ImageContentTask>
    <ImageContentTask Include="Assets\modelData\texture\BGTexture\Light_AlbedoTransparency.png">
      <Filter>Assets\modelData</Filter>
    </ImageContentTask>
    <ImageContentTask Include="Assets\modelData\texture\BGTexture\Plates_AlbedoTransparency.png">
      <Filter>Assets\modelData</Filter>
    </ImageContentTask>
    <ImageContentTask Include="Assets\modelData\texture\BGTexture\Platforms_AlbedoTransparency.png">
      <Filter>Assets\modelData</Filter>
    </ImageContentTask>
    <ImageContentTask Include="Assets\modelData\texture\BGTexture\Walls_02_AlbedoTransparency.png">
      <Filter>Assets\modelData</Filter>
    </ImageContentTask>
    <ImageContentTask Include="Assets\modelData\texture\BGTexture\Walls_AlbedoTransparency.png">
      <Filter>Assets\modelData</Filter>
    </ImageContentTask>
  </ItemGroup>
  <ItemGroup>
    <Image Include="..\..\..\..\..\..\Pictures\orengi.png">
      <Filter>Assets\sprite</Filter>
    </Image>
    <Image Include="Assets\modelData\texture\siro.png">
      <Filter>Assets\sprite</Filter>
    </Image>
    <Image Include="Assets\modelData\texture\rad.png">
      <Filter>Assets\sprite</Filter>
    </Image>
    <Image Include="Assets\modelData\texture\midori.png">
      <Filter>Assets\sprite</Filter>
    </Image>
    <Image Include="Assets\modelData\texture\kuro.png">
      <Filter>Assets\sprite</Filter>
    </Image>
    <Image Include="Assets\modelData\texture\kiro.png">
      <Filter>Assets\sprite</Filter>
    </Image>
    <Image Include="Assets\modelData\texture\kaihuku.png">
      <Filter>Assets\sprite</Filter>
    </Image>
    <Image Include="Assets\modelData\texture\hai.png">
      <Filter>Assets\sprite</Filter>
    </Image>
    <Image Include="Assets\modelData\texture\green.png">
      <Filter>Assets\sprite</Filter>
    </Image>
    <Image Include="Assets\modelData\texture\dangan.png">
      <Filter>Assets\sprite</Filter>
    </Image>
    <Image Include="Assets\modelData\texture\blue.png">
      <Filter>Assets\sprite</Filter>
    </Image>
    <Image Include="Assets\modelData\texture\tya.png">
      <Filter>Assets\sprite</Filter>
    </Image>
    <Image Include="Assets\sprite\damage.png">
      <Filter>Assets\sprite</Filter>
    </Image>
  </ItemGroup>
  <ItemGroup>
    <FxCompile Include="Assets\shader\model.fx">
      <Filter>Assets\shader</Filter>
    </FxCompile>
    <FxCompile Include="Assets\shader\sprite.fx">
      <Filter>Assets\shader</Filter>
    </FxCompile>
  </ItemGroup>
  <ItemGroup>
    <None Include="Assets\modelData\dogEnemy.tks">
      <Filter>Assets\modelData</Filter>
    </None>
    <None Include="Assets\modelData\enemy.tks">
      <Filter>Assets\modelData</Filter>
    </None>
  </ItemGroup>
</Project>